
Microsoft Visual Studio Solution File, Format Version 12.00
# Visual Studio Version 16
VisualStudioVersion = 16.0.30021.99
MinimumVisualStudioVersion = 10.0.40219.1
Project("{FAE04EC0-301F-11D3-BF4B-00C04F79EFBC}") = "sabre.net.tests", "..\sabre.net.tests\sabre.net.tests.csproj", "{F7650630-8D78-4350-942E-6216E72E1FE5}"
EndProject
Project("{FAE04EC0-301F-11D3-BF4B-00C04F79EFBC}") = "sabre.net.bridge", "..\sabre.net.bridge\sabre.net.bridge.csproj", "{C83561EC-0D61-4C22-9F69-764F0FC2E95D}"
EndProject
Project("{9344BDBB-3E7F-41FC-A0DD-8665D75EE146}") = "sabre.net", "sabre.net.msbuildproj", "{048A1D77-110B-4A13-A8C6-F885F1AEDACE}"
EndProject
Project("{FAE04EC0-301F-11D3-BF4B-00C04F79EFBC}") = "sabre.net.end", "..\sabre.net.end\sabre.net.end.csproj", "{81D7C6FA-E626-4C9A-B94D-0A1D999F38DC}"
EndProject
Global
	GlobalSection(SolutionConfigurationPlatforms) = preSolution
		Debug|Any CPU = Debug|Any CPU
		Release|Any CPU = Release|Any CPU
	EndGlobalSection
	GlobalSection(ProjectConfigurationPlatforms) = postSolution
		{F7650630-8D78-4350-942E-6216E72E1FE5}.Debug|Any CPU.ActiveCfg = Debug|Any CPU
		{F7650630-8D78-4350-942E-6216E72E1FE5}.Debug|Any CPU.Build.0 = Debug|Any CPU
		{F7650630-8D78-4350-942E-6216E72E1FE5}.Release|Any CPU.ActiveCfg = Release|Any CPU
		{F7650630-8D78-4350-942E-6216E72E1FE5}.Release|Any CPU.Build.0 = Release|Any CPU
		{C83561EC-0D61-4C22-9F69-764F0FC2E95D}.Debug|Any CPU.ActiveCfg = Debug|Any CPU
		{C83561EC-0D61-4C22-9F69-764F0FC2E95D}.Debug|Any CPU.Build.0 = Debug|Any CPU
		{C83561EC-0D61-4C22-9F69-764F0FC2E95D}.Release|Any CPU.ActiveCfg = Release|Any CPU
		{C83561EC-0D61-4C22-9F69-764F0FC2E95D}.Release|Any CPU.Build.0 = Release|Any CPU
		{048A1D77-110B-4A13-A8C6-F885F1AEDACE}.Debug|Any CPU.ActiveCfg = Debug|Any CPU
		{048A1D77-110B-4A13-A8C6-F885F1AEDACE}.Debug|Any CPU.Build.0 = Debug|Any CPU
		{048A1D77-110B-4A13-A8C6-F885F1AEDACE}.Release|Any CPU.ActiveCfg = Release|Any CPU
		{048A1D77-110B-4A13-A8C6-F885F1AEDACE}.Release|Any CPU.Build.0 = Release|Any CPU
		{81D7C6FA-E626-4C9A-B94D-0A1D999F38DC}.Debug|Any CPU.ActiveCfg = Debug|Any CPU
		{81D7C6FA-E626-4C9A-B94D-0A1D999F38DC}.Debug|Any CPU.Build.0 = Debug|Any CPU
		{81D7C6FA-E626-4C9A-B94D-0A1D999F38DC}.Release|Any CPU.ActiveCfg = Release|Any CPU
		{81D7C6FA-E626-4C9A-B94D-0A1D999F38DC}.Release|Any CPU.Build.0 = Release|Any CPU
	EndGlobalSection
	GlobalSection(SolutionProperties) = preSolution
		HideSolutionNode = FALSE
	EndGlobalSection
	GlobalSection(ExtensibilityGlobals) = postSolution
		SolutionGuid = {311DBA35-05F3-4C20-8F19-D7E3F3A22D34}
	EndGlobalSection
EndGlobal
