
Microsoft Visual Studio Solution File, Format Version 12.00
# Visual Studio Version 16
VisualStudioVersion = 16.0.30021.99
MinimumVisualStudioVersion = 10.0.40219.1
Project("{13B669BE-BB05-4DDF-9536-439F39A36129}") = "sabre.net", "sabre.net.msbuildproj", "{23089E8D-C839-40AC-B732-4145A68CB5D6}"
EndProject
Global
	GlobalSection(SolutionConfigurationPlatforms) = preSolution
		Debug|Any CPU = Debug|Any CPU
		Release|Any CPU = Release|Any CPU
	EndGlobalSection
	GlobalSection(ProjectConfigurationPlatforms) = postSolution
		{23089E8D-C839-40AC-B732-4145A68CB5D6}.Debug|Any CPU.ActiveCfg = Debug|Any CPU
		{23089E8D-C839-40AC-B732-4145A68CB5D6}.Debug|Any CPU.Build.0 = Debug|Any CPU
		{23089E8D-C839-40AC-B732-4145A68CB5D6}.Release|Any CPU.ActiveCfg = Release|Any CPU
		{23089E8D-C839-40AC-B732-4145A68CB5D6}.Release|Any CPU.Build.0 = Release|Any CPU
	EndGlobalSection
	GlobalSection(SolutionProperties) = preSolution
		HideSolutionNode = FALSE
	EndGlobalSection
	GlobalSection(ExtensibilityGlobals) = postSolution
		SolutionGuid = {311DBA35-05F3-4C20-8F19-D7E3F3A22D34}
	EndGlobalSection
EndGlobal
